Microsoft Visual Studio Solution File, Format Version 12.00
# Visual Studio 2012
Project("{FAE04EC0-301F-11D3-BF4B-00C04F79EFBC}") = "learn", "learn.csproj", "{E954BE58-7EBC-411F-849C-3BE6BE83D48D}"
EndProject
Global
	GlobalSection(SolutionConfigurationPlatforms) = preSolution
	Debug|Any CPU = Debug|Any CPU
	ExportDebug|Any CPU = ExportDebug|Any CPU
	ExportRelease|Any CPU = ExportRelease|Any CPU
	EndGlobalSection
	GlobalSection(ProjectConfigurationPlatforms) = postSolution
		{E954BE58-7EBC-411F-849C-3BE6BE83D48D}.Debug|Any CPU.ActiveCfg = Debug|Any CPU
		{E954BE58-7EBC-411F-849C-3BE6BE83D48D}.Debug|Any CPU.Build.0 = Debug|Any CPU
		{E954BE58-7EBC-411F-849C-3BE6BE83D48D}.ExportDebug|Any CPU.ActiveCfg = ExportDebug|Any CPU
		{E954BE58-7EBC-411F-849C-3BE6BE83D48D}.ExportDebug|Any CPU.Build.0 = ExportDebug|Any CPU
		{E954BE58-7EBC-411F-849C-3BE6BE83D48D}.ExportRelease|Any CPU.ActiveCfg = ExportRelease|Any CPU
		{E954BE58-7EBC-411F-849C-3BE6BE83D48D}.ExportRelease|Any CPU.Build.0 = ExportRelease|Any CPU
	EndGlobalSection
EndGlobal
